
Microsoft Visual Studio Solution File, Format Version 12.00
# Visual Studio 15
VisualStudioVersion = 15.0.27703.2026
MinimumVisualStudioVersion = 10.0.40219.1
Project("{FAE04EC0-301F-11D3-BF4B-00C04F79EFBC}") = "Maze.TestConsole", "Maze.TestConsole\Maze.TestConsole.csproj", "{E5029ECE-78B2-44ED-BE42-35B1AA238912}"
EndProject
Project("{FAE04EC0-301F-11D3-BF4B-00C04F79EFBC}") = "Maze.WinFormsGDI", "Maze.WinFormsGDI\Maze.WinFormsGDI.csproj", "{18A15EFA-97BC-4055-AF45-15E1C942382D}"
EndProject
Project("{FAE04EC0-301F-11D3-BF4B-00C04F79EFBC}") = "Maze.WinFormsOpenTK", "Maze.WinFormsOpenTK\Maze.WinFormsOpenTK.csproj", "{8C6B9544-96BF-4B38-A29A-8FA0198FCF58}"
EndProject
Project("{2150E333-8FDC-42A3-9474-1A3956D46DE8}") = "Solution Items", "Solution Items", "{9E4F4B84-660B-4362-B967-0453D8578930}"
	ProjectSection(SolutionItems) = preProject
		.gitattributes = .gitattributes
		.gitignore = .gitignore
		README.md = README.md
	EndProjectSection
EndProject
Project("{2150E333-8FDC-42A3-9474-1A3956D46DE8}") = "Maze.NET", "Maze.NET", "{FB811C1D-CD90-4315-A4B7-D20A65E3E251}"
EndProject
Project("{2150E333-8FDC-42A3-9474-1A3956D46DE8}") = "Demo UIs", "Demo UIs", "{5387DD09-0F32-4904-9D80-A47B57420F0B}"
EndProject
Project("{FAE04EC0-301F-11D3-BF4B-00C04F79EFBC}") = "Maze.Drawing", "Maze.Drawing\Maze.Drawing.csproj", "{5F79AA45-4A4F-490F-87A7-35DEDA6875E0}"
EndProject
Project("{FAE04EC0-301F-11D3-BF4B-00C04F79EFBC}") = "Maze.Video", "Maze.Video\Maze.Video.csproj", "{A133E6EB-EA84-4D6F-8A8A-AE79FE6BBFA3}"
EndProject
Project("{9A19103F-16F7-4668-BE54-9A1E7A4F7556}") = "Maze.Core", "Maze.Core\Maze.Core.csproj", "{BE6DCAE2-A743-4B99-B4B0-5E29D4CF318F}"
EndProject
Project("{9A19103F-16F7-4668-BE54-9A1E7A4F7556}") = "Maze.NBT", "Maze.NBT\Maze.NBT.csproj", "{740A0207-ADA9-494A-A0FB-5E63710F5C18}"
EndProject
Global
	GlobalSection(SolutionConfigurationPlatforms) = preSolution
		Debug|Any CPU = Debug|Any CPU
		Release|Any CPU = Release|Any CPU
	EndGlobalSection
	GlobalSection(ProjectConfigurationPlatforms) = postSolution
		{E5029ECE-78B2-44ED-BE42-35B1AA238912}.Debug|Any CPU.ActiveCfg = Debug|Any CPU
		{E5029ECE-78B2-44ED-BE42-35B1AA238912}.Debug|Any CPU.Build.0 = Debug|Any CPU
		{E5029ECE-78B2-44ED-BE42-35B1AA238912}.Release|Any CPU.ActiveCfg = Release|Any CPU
		{E5029ECE-78B2-44ED-BE42-35B1AA238912}.Release|Any CPU.Build.0 = Release|Any CPU
		{18A15EFA-97BC-4055-AF45-15E1C942382D}.Debug|Any CPU.ActiveCfg = Debug|Any CPU
		{18A15EFA-97BC-4055-AF45-15E1C942382D}.Debug|Any CPU.Build.0 = Debug|Any CPU
		{18A15EFA-97BC-4055-AF45-15E1C942382D}.Release|Any CPU.ActiveCfg = Release|Any CPU
		{18A15EFA-97BC-4055-AF45-15E1C942382D}.Release|Any CPU.Build.0 = Release|Any CPU
		{8C6B9544-96BF-4B38-A29A-8FA0198FCF58}.Debug|Any CPU.ActiveCfg = Debug|Any CPU
		{8C6B9544-96BF-4B38-A29A-8FA0198FCF58}.Debug|Any CPU.Build.0 = Debug|Any CPU
		{8C6B9544-96BF-4B38-A29A-8FA0198FCF58}.Release|Any CPU.ActiveCfg = Release|Any CPU
		{8C6B9544-96BF-4B38-A29A-8FA0198FCF58}.Release|Any CPU.Build.0 = Release|Any CPU
		{5F79AA45-4A4F-490F-87A7-35DEDA6875E0}.Debug|Any CPU.ActiveCfg = Debug|Any CPU
		{5F79AA45-4A4F-490F-87A7-35DEDA6875E0}.Debug|Any CPU.Build.0 = Debug|Any CPU
		{5F79AA45-4A4F-490F-87A7-35DEDA6875E0}.Release|Any CPU.ActiveCfg = Release|Any CPU
		{5F79AA45-4A4F-490F-87A7-35DEDA6875E0}.Release|Any CPU.Build.0 = Release|Any CPU
		{A133E6EB-EA84-4D6F-8A8A-AE79FE6BBFA3}.Debug|Any CPU.ActiveCfg = Debug|Any CPU
		{A133E6EB-EA84-4D6F-8A8A-AE79FE6BBFA3}.Debug|Any CPU.Build.0 = Debug|Any CPU
		{A133E6EB-EA84-4D6F-8A8A-AE79FE6BBFA3}.Release|Any CPU.ActiveCfg = Release|Any CPU
		{A133E6EB-EA84-4D6F-8A8A-AE79FE6BBFA3}.Release|Any CPU.Build.0 = Release|Any CPU
		{BE6DCAE2-A743-4B99-B4B0-5E29D4CF318F}.Debug|Any CPU.ActiveCfg = Debug|Any CPU
		{BE6DCAE2-A743-4B99-B4B0-5E29D4CF318F}.Debug|Any CPU.Build.0 = Debug|Any CPU
		{BE6DCAE2-A743-4B99-B4B0-5E29D4CF318F}.Release|Any CPU.ActiveCfg = Release|Any CPU
		{BE6DCAE2-A743-4B99-B4B0-5E29D4CF318F}.Release|Any CPU.Build.0 = Release|Any CPU
		{740A0207-ADA9-494A-A0FB-5E63710F5C18}.Debug|Any CPU.ActiveCfg = Debug|Any CPU
		{740A0207-ADA9-494A-A0FB-5E63710F5C18}.Debug|Any CPU.Build.0 = Debug|Any CPU
		{740A0207-ADA9-494A-A0FB-5E63710F5C18}.Release|Any CPU.ActiveCfg = Release|Any CPU
		{740A0207-ADA9-494A-A0FB-5E63710F5C18}.Release|Any CPU.Build.0 = Release|Any CPU
	EndGlobalSection
	GlobalSection(SolutionProperties) = preSolution
		HideSolutionNode = FALSE
	EndGlobalSection
	GlobalSection(NestedProjects) = preSolution
		{E5029ECE-78B2-44ED-BE42-35B1AA238912} = {5387DD09-0F32-4904-9D80-A47B57420F0B}
		{18A15EFA-97BC-4055-AF45-15E1C942382D} = {5387DD09-0F32-4904-9D80-A47B57420F0B}
		{8C6B9544-96BF-4B38-A29A-8FA0198FCF58} = {5387DD09-0F32-4904-9D80-A47B57420F0B}
		{5F79AA45-4A4F-490F-87A7-35DEDA6875E0} = {FB811C1D-CD90-4315-A4B7-D20A65E3E251}
		{A133E6EB-EA84-4D6F-8A8A-AE79FE6BBFA3} = {FB811C1D-CD90-4315-A4B7-D20A65E3E251}
		{BE6DCAE2-A743-4B99-B4B0-5E29D4CF318F} = {FB811C1D-CD90-4315-A4B7-D20A65E3E251}
		{740A0207-ADA9-494A-A0FB-5E63710F5C18} = {FB811C1D-CD90-4315-A4B7-D20A65E3E251}
	EndGlobalSection
	GlobalSection(ExtensibilityGlobals) = postSolution
		SolutionGuid = {D8FBD59F-7ED4-4AC6-ADCE-66D9B9B30622}
	EndGlobalSection
EndGlobal
